dependencies:
- name: subscriber
  repository: file://../subscriber
  version: 0.0.1
- name: workflow-controller
  repository: file://../workflow-controller
  version: 0.0.1
- name: chaos-operator
  repository: file://../chaos-operator
  version: 0.0.1
- name: chaos-exporter
  repository: file://../chaos-exporter
  version: 0.0.1
digest: sha256:631c15c4f8c21a91ffd482daea8054f68eee2223826e36e378b65738efae9650
generated: "2023-11-06T13:46:34.093449+05:30"
